// !$*UTF8*$!
{
	archiveVersion = 1;
	classes = {
	};
	objectVersion = 51;
	objects = {

/* Begin PBXBuildFile section */
		4E3CE16A24F405A900B8F7AA /* AppDelegate.swift in Sources */ = {isa = PBXBuildFile; fileRef = 4E3CE16924F405A900B8F7AA /* AppDelegate.swift */; };
		4E3CE16E24F405A900B8F7AA /* ViewController.swift in Sources */ = {isa = PBXBuildFile; fileRef = 4E3CE16D24F405A900B8F7AA /* ViewController.swift */; };
		4E3CE17324F405AB00B8F7AA /* Assets.xcassets in Resources */ = {isa = PBXBuildFile; fileRef = 4E3CE17224F405AB00B8F7AA /* Assets.xcassets */; };
		4E3CE17624F405AB00B8F7AA /* LaunchScreen.storyboard in Resources */ = {isa = PBXBuildFile; fileRef = 4E3CE17424F405AB00B8F7AA /* LaunchScreen.storyboard */; };
		4E3CE17E24F405FF00B8F7AA /* MapViewController.swift in Sources */ = {isa = PBXBuildFile; fileRef = 4E3CE17D24F405FF00B8F7AA /* MapViewController.swift */; };
		4E3CE18124F4073300B8F7AA /* LocationManager.swift in Sources */ = {isa = PBXBuildFile; fileRef = 4E3CE18024F4073300B8F7AA /* LocationManager.swift */; };
		4E83D6D924F4099400631129 /* LineOverlay.swift in Sources */ = {isa = PBXBuildFile; fileRef = 4E83D6D824F4099400631129 /* LineOverlay.swift */; };
		4E83D6DC24F4F4D300631129 /* Waypoint.swift in Sources */ = {isa = PBXBuildFile; fileRef = 4E83D6DB24F4F4D300631129 /* Waypoint.swift */; };
		4E83D6DE24F54F2800631129 /* Route.swift in Sources */ = {isa = PBXBuildFile; fileRef = 4E83D6DD24F54F2800631129 /* Route.swift */; };
		4E83D6E024F54FA700631129 /* DataModel.swift in Sources */ = {isa = PBXBuildFile; fileRef = 4E83D6DF24F54FA700631129 /* DataModel.swift */; };
		4E83D6E324F5507400631129 /* RoutesViewController.swift in Sources */ = {isa = PBXBuildFile; fileRef = 4E83D6E224F5507400631129 /* RoutesViewController.swift */; };
		4E83D6E524F55B4D00631129 /* ReplayMapViewController.swift in Sources */ = {isa = PBXBuildFile; fileRef = 4E83D6E424F55B4D00631129 /* ReplayMapViewController.swift */; };
		7477D8F387AFD1058DA340E7 /* Pods_PersonalFlightTracker.framework in Frameworks */ = {isa = PBXBuildFile; fileRef = 24D8EF269D97A3F777B68D82 /* Pods_PersonalFlightTracker.framework */; };
/* End PBXBuildFile section */

/* Begin PBXFileReference section */
		0C52CC1FBD525DB6F90A5ABE /* Pods-PersonalFlightTracker.debug.xcconfig */ = {isa = PBXFileReference; includeInIndex = 1; lastKnownFileType = text.xcconfig; name = "Pods-PersonalFlightTracker.debug.xcconfig"; path = "Target Support Files/Pods-PersonalFlightTracker/Pods-PersonalFlightTracker.debug.xcconfig"; sourceTree = "<group>"; };
		24D8EF269D97A3F777B68D82 /* Pods_PersonalFlightTracker.framework */ = {isa = PBXFileReference; explicitFileType = wrapper.framework; includeInIndex = 0; path = Pods_PersonalFlightTracker.framework; sourceTree = BUILT_PRODUCTS_DIR; };
		4E3CE16624F405A900B8F7AA /* PersonalFlightTracker.app */ = {isa = PBXFileReference; explicitFileType = wrapper.application; includeInIndex = 0; path = PersonalFlightTracker.app; sourceTree = BUILT_PRODUCTS_DIR; };
		4E3CE16924F405A900B8F7AA /* AppDelegate.swift */ = {isa = PBXFileReference; lastKnownFileType = sourcecode.swift; path = AppDelegate.swift; sourceTree = "<group>"; };
		4E3CE16D24F405A900B8F7AA /* ViewController.swift */ = {isa = PBXFileReference; lastKnownFileType = sourcecode.swift; path = ViewController.swift; sourceTree = "<group>"; };
		4E3CE17224F405AB00B8F7AA /* Assets.xcassets */ = {isa = PBXFileReference; lastKnownFileType = folder.assetcatalog; path = Assets.xcassets; sourceTree = "<group>"; };
		4E3CE17524F405AB00B8F7AA /* Base */ = {isa = PBXFileReference; lastKnownFileType = file.storyboard; name = Base; path = Base.lproj/LaunchScreen.storyboard; sourceTree = "<group>"; };
		4E3CE17724F405AB00B8F7AA /* Info.plist */ = {isa = PBXFileReference; lastKnownFileType = text.plist.xml; path = Info.plist; sourceTree = "<group>"; };
		4E3CE17D24F405FF00B8F7AA /* MapViewController.swift */ = {isa = PBXFileReference; lastKnownFileType = sourcecode.swift; path = MapViewController.swift; sourceTree = "<group>"; };
		4E3CE18024F4073300B8F7AA /* LocationManager.swift */ = {isa = PBXFileReference; lastKnownFileType = sourcecode.swift; path = LocationManager.swift; sourceTree = "<group>"; };
		4E83D6D824F4099400631129 /* LineOverlay.swift */ = {isa = PBXFileReference; fileEncoding = 4; lastKnownFileType = sourcecode.swift; path = LineOverlay.swift; sourceTree = "<group>"; };
		4E83D6DB24F4F4D300631129 /* Waypoint.swift */ = {isa = PBXFileReference; lastKnownFileType = sourcecode.swift; path = Waypoint.swift; sourceTree = "<group>"; };
		4E83D6DD24F54F2800631129 /* Route.swift */ = {isa = PBXFileReference; lastKnownFileType = sourcecode.swift; path = Route.swift; sourceTree = "<group>"; };
		4E83D6DF24F54FA700631129 /* DataModel.swift */ = {isa = PBXFileReference; lastKnownFileType = sourcecode.swift; path = DataModel.swift; sourceTree = "<group>"; };
		4E83D6E224F5507400631129 /* RoutesViewController.swift */ = {isa = PBXFileReference; lastKnownFileType = sourcecode.swift; path = RoutesViewController.swift; sourceTree = "<group>"; };
		4E83D6E424F55B4D00631129 /* ReplayMapViewController.swift */ = {isa = PBXFileReference; lastKnownFileType = sourcecode.swift; path = ReplayMapViewController.swift; sourceTree = "<group>"; };
		97213E6C53282A25D76F205E /* Pods-PersonalFlightTracker.release.xcconfig */ = {isa = PBXFileReference; includeInIndex = 1; lastKnownFileType = text.xcconfig; name = "Pods-PersonalFlightTracker.release.xcconfig"; path = "Target Support Files/Pods-PersonalFlightTracker/Pods-PersonalFlightTracker.release.xcconfig"; sourceTree = "<group>"; };
/* End PBXFileReference section */

/* Begin PBXFrameworksBuildPhase section */
		4E3CE16324F405A900B8F7AA /* Frameworks */ = {
			isa = PBXFrameworksBuildPhase;
			buildActionMask = 2147483647;
			files = (
				7477D8F387AFD1058DA340E7 /* Pods_PersonalFlightTracker.framework in Frameworks */,
			);
			runOnlyForDeploymentPostprocessing = 0;
		};
/* End PBXFrameworksBuildPhase section */

/* Begin PBXGroup section */
		4E3CE15D24F405A900B8F7AA = {
			isa = PBXGroup;
			children = (
				4E3CE16824F405A900B8F7AA /* PersonalFlightTracker */,
				4E3CE16724F405A900B8F7AA /* Products */,
				E3A58ED7BBB4B6793E0ECAC0 /* Pods */,
				ADD9F3B1770CFE1D3D4812CD /* Frameworks */,
			);
			sourceTree = "<group>";
		};
		4E3CE16724F405A900B8F7AA /* Products */ = {
			isa = PBXGroup;
			children = (
				4E3CE16624F405A900B8F7AA /* PersonalFlightTracker.app */,
			);
			name = Products;
			sourceTree = "<group>";
		};
		4E3CE16824F405A900B8F7AA /* PersonalFlightTracker */ = {
			isa = PBXGroup;
			children = (
				4E83D6E624F55B5300631129 /* Replay */,
				4E83D6E124F5506A00631129 /* Routes */,
				4E83D6DA24F4F4C800631129 /* Modal */,
				4E3CE17F24F4072900B8F7AA /* Map */,
				4E3CE16924F405A900B8F7AA /* AppDelegate.swift */,
				4E3CE16D24F405A900B8F7AA /* ViewController.swift */,
				4E3CE17224F405AB00B8F7AA /* Assets.xcassets */,
				4E3CE17424F405AB00B8F7AA /* LaunchScreen.storyboard */,
				4E3CE17724F405AB00B8F7AA /* Info.plist */,
				4E83D6DF24F54FA700631129 /* DataModel.swift */,
			);
			path = PersonalFlightTracker;
			sourceTree = "<group>";
		};
		4E3CE17F24F4072900B8F7AA /* Map */ = {
			isa = PBXGroup;
			children = (
				4E83D6D824F4099400631129 /* LineOverlay.swift */,
				4E3CE17D24F405FF00B8F7AA /* MapViewController.swift */,
				4E3CE18024F4073300B8F7AA /* LocationManager.swift */,
			);
			path = Map;
			sourceTree = "<group>";
		};
		4E83D6DA24F4F4C800631129 /* Modal */ = {
			isa = PBXGroup;
			children = (
				4E83D6DB24F4F4D300631129 /* Waypoint.swift */,
				4E83D6DD24F54F2800631129 /* Route.swift */,
			);
			path = Modal;
			sourceTree = "<group>";
		};
		4E83D6E124F5506A00631129 /* Routes */ = {
			isa = PBXGroup;
			children = (
				4E83D6E224F5507400631129 /* RoutesViewController.swift */,
			);
			path = Routes;
			sourceTree = "<group>";
		};
		4E83D6E624F55B5300631129 /* Replay */ = {
			isa = PBXGroup;
			children = (
				4E83D6E424F55B4D00631129 /* ReplayMapViewController.swift */,
			);
			path = Replay;
			sourceTree = "<group>";
		};
		ADD9F3B1770CFE1D3D4812CD /* Frameworks */ = {
			isa = PBXGroup;
			children = (
				24D8EF269D97A3F777B68D82 /* Pods_PersonalFlightTracker.framework */,
			);
			name = Frameworks;
			sourceTree = "<group>";
		};
		E3A58ED7BBB4B6793E0ECAC0 /* Pods */ = {
			isa = PBXGroup;
			children = (
				0C52CC1FBD525DB6F90A5ABE /* Pods-PersonalFlightTracker.debug.xcconfig */,
				97213E6C53282A25D76F205E /* Pods-PersonalFlightTracker.release.xcconfig */,
			);
			path = Pods;
			sourceTree = "<group>";
		};
/* End PBXGroup section */

/* Begin PBXNativeTarget section */
		4E3CE16524F405A900B8F7AA /* PersonalFlightTracker */ = {
			isa = PBXNativeTarget;
			buildConfigurationList = 4E3CE17A24F405AB00B8F7AA /* Build configuration list for PBXNativeTarget "PersonalFlightTracker" */;
			buildPhases = (
				A1932B2B4EC7CA81B760BB15 /* [CP] Check Pods Manifest.lock */,
				4E3CE16224F405A900B8F7AA /* Sources */,
				4E3CE16324F405A900B8F7AA /* Frameworks */,
				4E3CE16424F405A900B8F7AA /* Resources */,
				83FDC6C57788ADA146176AC6 /* [CP] Embed Pods Frameworks */,
			);
			buildRules = (
			);
			dependencies = (
			);
			name = PersonalFlightTracker;
			productName = PersonalFlightTracker;
			productReference = 4E3CE16624F405A900B8F7AA /* PersonalFlightTracker.app */;
			productType = "com.apple.product-type.application";
		};
/* End PBXNativeTarget section */

/* Begin PBXProject section */
		4E3CE15E24F405A900B8F7AA /* Project object */ = {
			isa = PBXProject;
			attributes = {
				LastSwiftUpdateCheck = 1130;
				LastUpgradeCheck = 1130;
				ORGANIZATIONNAME = "Joan Cardona";
				TargetAttributes = {
					4E3CE16524F405A900B8F7AA = {
						CreatedOnToolsVersion = 11.3;
					};
				};
			};
			buildConfigurationList = 4E3CE16124F405A900B8F7AA /* Build configuration list for PBXProject "PersonalFlightTracker" */;
			compatibilityVersion = "Xcode 9.3";
			developmentRegion = en;
			hasScannedForEncodings = 0;
			knownRegions = (
				en,
				Base,
			);
			mainGroup = 4E3CE15D24F405A900B8F7AA;
			productRefGroup = 4E3CE16724F405A900B8F7AA /* Products */;
			projectDirPath = "";
			projectRoot = "";
			targets = (
				4E3CE16524F405A900B8F7AA /* PersonalFlightTracker */,
			);
		};
/* End PBXProject section */

/* Begin PBXResourcesBuildPhase section */
		4E3CE16424F405A900B8F7AA /* Resources */ = {
			isa = PBXResourcesBuildPhase;
			buildActionMask = 2147483647;
			files = (
				4E3CE17624F405AB00B8F7AA /* LaunchScreen.storyboard in Resources */,
				4E3CE17324F405AB00B8F7AA /* Assets.xcassets in Resources */,
			);
			runOnlyForDeploymentPostprocessing = 0;
		};
/* End PBXResourcesBuildPhase section */

/* Begin PBXShellScriptBuildPhase section */
		83FDC6C57788ADA146176AC6 /* [CP] Embed Pods Frameworks */ = {
			isa = PBXShellScriptBuildPhase;
			buildActionMask = 2147483647;
			files = (
			);
			inputFileListPaths = (
				"${PODS_ROOT}/Target Support Files/Pods-PersonalFlightTracker/Pods-PersonalFlightTracker-frameworks-${CONFIGURATION}-input-files.xcfilelist",
			);
			name = "[CP] Embed Pods Frameworks";
			outputFileListPaths = (
				"${PODS_ROOT}/Target Support Files/Pods-PersonalFlightTracker/Pods-PersonalFlightTracker-frameworks-${CONFIGURATION}-output-files.xcfilelist",
			);
			runOnlyForDeploymentPostprocessing = 0;
			shellPath = /bin/sh;
			shellScript = "\"${PODS_ROOT}/Target Support Files/Pods-PersonalFlightTracker/Pods-PersonalFlightTracker-frameworks.sh\"\n";
			showEnvVarsInLog = 0;
		};
		A1932B2B4EC7CA81B760BB15 /* [CP] Check Pods Manifest.lock */ = {
			isa = PBXShellScriptBuildPhase;
			buildActionMask = 2147483647;
			files = (
			);
			inputFileListPaths = (
			);
			inputPaths = (
				"${PODS_PODFILE_DIR_PATH}/Podfile.lock",
				"${PODS_ROOT}/Manifest.lock",
			);
			name = "[CP] Check Pods Manifest.lock";
			outputFileListPaths = (
			);
			outputPaths = (
				"$(DERIVED_FILE_DIR)/Pods-PersonalFlightTracker-checkManifestLockResult.txt",
			);
			runOnlyForDeploymentPostprocessing = 0;
			shellPath = /bin/sh;
			shellScript = "diff \"${PODS_PODFILE_DIR_PATH}/Podfile.lock\" \"${PODS_ROOT}/Manifest.lock\" > /dev/null\nif [ $? != 0 ] ; then\n    # print error to STDERR\n    echo \"error: The sandbox is not in sync with the Podfile.lock. Run 'pod install' or update your CocoaPods installation.\" >&2\n    exit 1\nfi\n# This output is used by Xcode 'outputs' to avoid re-running this script phase.\necho \"SUCCESS\" > \"${SCRIPT_OUTPUT_FILE_0}\"\n";
			showEnvVarsInLog = 0;
		};
/* End PBXShellScriptBuildPhase section */

/* Begin PBXSourcesBuildPhase section */
		4E3CE16224F405A900B8F7AA /* Sources */ = {
			isa = PBXSourcesBuildPhase;
			buildActionMask = 2147483647;
			files = (
				4E3CE18124F4073300B8F7AA /* LocationManager.swift in Sources */,
				4E83D6E324F5507400631129 /* RoutesViewController.swift in Sources */,
				4E3CE16E24F405A900B8F7AA /* ViewController.swift in Sources */,
				4E83D6DC24F4F4D300631129 /* Waypoint.swift in Sources */,
				4E83D6E524F55B4D00631129 /* ReplayMapViewController.swift in Sources */,
				4E83D6D924F4099400631129 /* LineOverlay.swift in Sources */,
				4E3CE17E24F405FF00B8F7AA /* MapViewController.swift in Sources */,
				4E83D6E024F54FA700631129 /* DataModel.swift in Sources */,
				4E83D6DE24F54F2800631129 /* Route.swift in Sources */,
				4E3CE16A24F405A900B8F7AA /* AppDelegate.swift in Sources */,
			);
			runOnlyForDeploymentPostprocessing = 0;
		};
/* End PBXSourcesBuildPhase section */

/* Begin PBXVariantGroup section */
		4E3CE17424F405AB00B8F7AA /* LaunchScreen.storyboard */ = {
			isa = PBXVariantGroup;
			children = (
				4E3CE17524F405AB00B8F7AA /* Base */,
			);
			name = LaunchScreen.storyboard;
			sourceTree = "<group>";
		};
/* End PBXVariantGroup section */

/* Begin XCBuildConfiguration section */
		4E3CE17824F405AB00B8F7AA /* Debug */ = {
			isa = XCBuildConfiguration;
			buildSettings = {
				ALWAYS_SEARCH_USER_PATHS = NO;
				CLANG_ANALYZER_NONNULL = YES;
				CLANG_ANALYZER_NUMBER_OBJECT_CONVERSION = YES_AGGRESSIVE;
				CLANG_CXX_LANGUAGE_STANDARD = "gnu++14";
				CLANG_CXX_LIBRARY = "libc++";
				CLANG_ENABLE_MODULES = YES;
				CLANG_ENABLE_OBJC_ARC = YES;
				CLANG_ENABLE_OBJC_WEAK = YES;
				CLANG_WARN_BLOCK_CAPTURE_AUTORELEASING = YES;
				CLANG_WARN_BOOL_CONVERSION = YES;
				CLANG_WARN_COMMA = YES;
				CLANG_WARN_CONSTANT_CONVERSION = YES;
				CLANG_WARN_DEPRECATED_OBJC_IMPLEMENTATIONS = YES;
				CLANG_WARN_DIRECT_OBJC_ISA_USAGE = YES_ERROR;
				CLANG_WARN_DOCUMENTATION_COMMENTS = YES;
				CLANG_WARN_EMPTY_BODY = YES;
				CLANG_WARN_ENUM_CONVERSION = YES;
				CLANG_WARN_INFINITE_RECURSION = YES;
				CLANG_WARN_INT_CONVERSION = YES;
				CLANG_WARN_NON_LITERAL_NULL_CONVERSION = YES;
				CLANG_WARN_OBJC_IMPLICIT_RETAIN_SELF = YES;
				CLANG_WARN_OBJC_LITERAL_CONVERSION = YES;
				CLANG_WARN_OBJC_ROOT_CLASS = YES_ERROR;
				CLANG_WARN_RANGE_LOOP_ANALYSIS = YES;
				CLANG_WARN_STRICT_PROTOTYPES = YES;
				CLANG_WARN_SUSPICIOUS_MOVE = YES;
				CLANG_WARN_UNGUARDED_AVAILABILITY = YES_AGGRESSIVE;
				CLANG_WARN_UNREACHABLE_CODE = YES;
				CLANG_WARN__DUPLICATE_METHOD_MATCH = YES;
				COPY_PHASE_STRIP = NO;
				DEBUG_INFORMATION_FORMAT = dwarf;
				ENABLE_STRICT_OBJC_MSGSEND = YES;
				ENABLE_TESTABILITY = YES;
				GCC_C_LANGUAGE_STANDARD = gnu11;
				GCC_DYNAMIC_NO_PIC = NO;
				GCC_NO_COMMON_BLOCKS = YES;
				GCC_OPTIMIZATION_LEVEL = 0;
				GCC_PREPROCESSOR_DEFINITIONS = (
					"DEBUG=1",
					"$(inherited)",
				);
				GCC_WARN_64_TO_32_BIT_CONVERSION = YES;
				GCC_WARN_ABOUT_RETURN_TYPE = YES_ERROR;
				GCC_WARN_UNDECLARED_SELECTOR = YES;
				GCC_WARN_UNINITIALIZED_AUTOS = YES_AGGRESSIVE;
				GCC_WARN_UNUSED_FUNCTION = YES;
				GCC_WARN_UNUSED_VARIABLE = YES;
				IPHONEOS_DEPLOYMENT_TARGET = 13.2;
				MTL_ENABLE_DEBUG_INFO = INCLUDE_SOURCE;
				MTL_FAST_MATH = YES;
				ONLY_ACTIVE_ARCH = YES;
				SDKROOT = iphoneos;
				SWIFT_ACTIVE_COMPILATION_CONDITIONS = DEBUG;
				SWIFT_OPTIMIZATION_LEVEL = "-Onone";
			};
			name = Debug;
		};
		4E3CE17924F405AB00B8F7AA /* Release */ = {
			isa = XCBuildConfiguration;
			buildSettings = {
				ALWAYS_SEARCH_USER_PATHS = NO;
				CLANG_ANALYZER_NONNULL = YES;
				CLANG_ANALYZER_NUMBER_OBJECT_CONVERSION = YES_AGGRESSIVE;
				CLANG_CXX_LANGUAGE_STANDARD = "gnu++14";
				CLANG_CXX_LIBRARY = "libc++";
				CLANG_ENABLE_MODULES = YES;
				CLANG_ENABLE_OBJC_ARC = YES;
				CLANG_ENABLE_OBJC_WEAK = YES;
				CLANG_WARN_BLOCK_CAPTURE_AUTORELEASING = YES;
				CLANG_WARN_BOOL_CONVERSION = YES;
				CLANG_WARN_COMMA = YES;
				CLANG_WARN_CONSTANT_CONVERSION = YES;
				CLANG_WARN_DEPRECATED_OBJC_IMPLEMENTATIONS = YES;
				CLANG_WARN_DIRECT_OBJC_ISA_USAGE = YES_ERROR;
				CLANG_WARN_DOCUMENTATION_COMMENTS = YES;
				CLANG_WARN_EMPTY_BODY = YES;
				CLANG_WARN_ENUM_CONVERSION = YES;
				CLANG_WARN_INFINITE_RECURSION = YES;
				CLANG_WARN_INT_CONVERSION = YES;
				CLANG_WARN_NON_LITERAL_NULL_CONVERSION = YES;
				CLANG_WARN_OBJC_IMPLICIT_RETAIN_SELF = YES;
				CLANG_WARN_OBJC_LITERAL_CONVERSION = YES;
				CLANG_WARN_OBJC_ROOT_CLASS = YES_ERROR;
				CLANG_WARN_RANGE_LOOP_ANALYSIS = YES;
				CLANG_WARN_STRICT_PROTOTYPES = YES;
				CLANG_WARN_SUSPICIOUS_MOVE = YES;
				CLANG_WARN_UNGUARDED_AVAILABILITY = YES_AGGRESSIVE;
				CLANG_WARN_UNREACHABLE_CODE = YES;
				CLANG_WARN__DUPLICATE_METHOD_MATCH = YES;
				COPY_PHASE_STRIP = NO;
				DEBUG_INFORMATION_FORMAT = "dwarf-with-dsym";
				ENABLE_NS_ASSERTIONS = NO;
				ENABLE_STRICT_OBJC_MSGSEND = YES;
				GCC_C_LANGUAGE_STANDARD = gnu11;
				GCC_NO_COMMON_BLOCKS = YES;
				GCC_WARN_64_TO_32_BIT_CONVERSION = YES;
				GCC_WARN_ABOUT_RETURN_TYPE = YES_ERROR;
				GCC_WARN_UNDECLARED_SELECTOR = YES;
				GCC_WARN_UNINITIALIZED_AUTOS = YES_AGGRESSIVE;
				GCC_WARN_UNUSED_FUNCTION = YES;
				GCC_WARN_UNUSED_VARIABLE = YES;
				IPHONEOS_DEPLOYMENT_TARGET = 13.2;
				MTL_ENABLE_DEBUG_INFO = NO;
				MTL_FAST_MATH = YES;
				SDKROOT = iphoneos;
				SWIFT_COMPILATION_MODE = wholemodule;
				SWIFT_OPTIMIZATION_LEVEL = "-O";
				VALIDATE_PRODUCT = YES;
			};
			name = Release;
		};
		4E3CE17B24F405AB00B8F7AA /* Debug */ = {
			isa = XCBuildConfiguration;
			baseConfigurationReference = 0C52CC1FBD525DB6F90A5ABE /* Pods-PersonalFlightTracker.debug.xcconfig */;
			buildSettings = {
				ASSETCATALOG_COMPILER_APPICON_NAME = AppIcon;
				CODE_SIGN_STYLE = Automatic;
				CURRENT_PROJECT_VERSION = 2;
				DEVELOPMENT_TEAM = 26GTMYT47V;
				INFOPLIST_FILE = PersonalFlightTracker/Info.plist;
				IPHONEOS_DEPLOYMENT_TARGET = 12.0;
				LD_RUNPATH_SEARCH_PATHS = (
					"$(inherited)",
					"@executable_path/Frameworks",
				);
				PRODUCT_BUNDLE_IDENTIFIER = com.joancardona.flightTracker;
				PRODUCT_NAME = "$(TARGET_NAME)";
				SWIFT_VERSION = 5.0;
				TARGETED_DEVICE_FAMILY = "1,2";
			};
			name = Debug;
		};
		4E3CE17C24F405AB00B8F7AA /* Release */ = {
			isa = XCBuildConfiguration;
			baseConfigurationReference = 97213E6C53282A25D76F205E /* Pods-PersonalFlightTracker.release.xcconfig */;
			buildSettings = {
				ASSETCATALOG_COMPILER_APPICON_NAME = AppIcon;
				CODE_SIGN_STYLE = Automatic;
				CURRENT_PROJECT_VERSION = 2;
				DEVELOPMENT_TEAM = 26GTMYT47V;
				INFOPLIST_FILE = PersonalFlightTracker/Info.plist;
				IPHONEOS_DEPLOYMENT_TARGET = 12.0;
				LD_RUNPATH_SEARCH_PATHS = (
					"$(inherited)",
					"@executable_path/Frameworks",
				);
				PRODUCT_BUNDLE_IDENTIFIER = com.joancardona.flightTracker;
				PRODUCT_NAME = "$(TARGET_NAME)";
				SWIFT_VERSION = 5.0;
				TARGETED_DEVICE_FAMILY = "1,2";
			};
			name = Release;
		};
/* End XCBuildConfiguration section */

/* Begin XCConfigurationList section */
		4E3CE16124F405A900B8F7AA /* Build configuration list for PBXProject "PersonalFlightTracker" */ = {
			isa = XCConfigurationList;
			buildConfigurations = (
				4E3CE17824F405AB00B8F7AA /* Debug */,
				4E3CE17924F405AB00B8F7AA /* Release */,
			);
			defaultConfigurationIsVisible = 0;
			defaultConfigurationName = Release;
		};
		4E3CE17A24F405AB00B8F7AA /* Build configuration list for PBXNativeTarget "PersonalFlightTracker" */ = {
			isa = XCConfigurationList;
			buildConfigurations = (
				4E3CE17B24F405AB00B8F7AA /* Debug */,
				4E3CE17C24F405AB00B8F7AA /* Release */,
			);
			defaultConfigurationIsVisible = 0;
			defaultConfigurationName = Release;
		};
/* End XCConfigurationList section */
	};
	rootObject = 4E3CE15E24F405A900B8F7AA /* Project object */;
}
